
Microsoft Visual Studio Solution File, Format Version 12.00
# Visual Studio Version 17
VisualStudioVersion = 17.4.33213.308
MinimumVisualStudioVersion = 10.0.40219.1
Project("{FAE04EC0-301F-11D3-BF4B-00C04F79EFBC}") = "AnalizadorLexicoCompiladores", "AnalizadorLexicoCompiladores.csproj", "{F87817A6-5EA7-4CE4-B513-DC276E0B1738}"
EndProject
Global
	GlobalSection(SolutionConfigurationPlatforms) = preSolution
		Debug|Any CPU = Debug|Any CPU
		Release|Any CPU = Release|Any CPU
	EndGlobalSection
	GlobalSection(ProjectConfigurationPlatforms) = postSolution
		{F87817A6-5EA7-4CE4-B513-DC276E0B1738}.Debug|Any CPU.ActiveCfg = Debug|Any CPU
		{F87817A6-5EA7-4CE4-B513-DC276E0B1738}.Debug|Any CPU.Build.0 = Debug|Any CPU
		{F87817A6-5EA7-4CE4-B513-DC276E0B1738}.Release|Any CPU.ActiveCfg = Release|Any CPU
		{F87817A6-5EA7-4CE4-B513-DC276E0B1738}.Release|Any CPU.Build.0 = Release|Any CPU
	EndGlobalSection
	GlobalSection(SolutionProperties) = preSolution
		HideSolutionNode = FALSE
	EndGlobalSection
	GlobalSection(ExtensibilityGlobals) = postSolution
		SolutionGuid = {F3E731EF-94F1-451A-B917-F712121E38AD}
	EndGlobalSection
EndGlobal
